
Microsoft Visual Studio Solution File, Format Version 12.00
# Visual Studio Version 17
VisualStudioVersion = 17.5.33530.505
MinimumVisualStudioVersion = 10.0.40219.1
Project("{8BC9CEB8-8B4A-11D0-8D11-00A0C91BC942}") = "CadCurves", "CadCurves\CadCurves.vcxproj", "{A80B3CF3-EC2F-4267-8199-D9E442B9937F}"
EndProject
Global
	GlobalSection(SolutionConfigurationPlatforms) = preSolution
		Debug|x64 = Debug|x64
		Debug|x86 = Debug|x86
		Release|x64 = Release|x64
		Release|x86 = Release|x86
	EndGlobalSection
	GlobalSection(ProjectConfigurationPlatforms) = postSolution
		{A80B3CF3-EC2F-4267-8199-D9E442B9937F}.Debug|x64.ActiveCfg = Debug|x64
		{A80B3CF3-EC2F-4267-8199-D9E442B9937F}.Debug|x64.Build.0 = Debug|x64
		{A80B3CF3-EC2F-4267-8199-D9E442B9937F}.Debug|x86.ActiveCfg = Debug|Win32
		{A80B3CF3-EC2F-4267-8199-D9E442B9937F}.Debug|x86.Build.0 = Debug|Win32
		{A80B3CF3-EC2F-4267-8199-D9E442B9937F}.Release|x64.ActiveCfg = Release|x64
		{A80B3CF3-EC2F-4267-8199-D9E442B9937F}.Release|x64.Build.0 = Release|x64
		{A80B3CF3-EC2F-4267-8199-D9E442B9937F}.Release|x86.ActiveCfg = Release|Win32
		{A80B3CF3-EC2F-4267-8199-D9E442B9937F}.Release|x86.Build.0 = Release|Win32
	EndGlobalSection
	GlobalSection(SolutionProperties) = preSolution
		HideSolutionNode = FALSE
	EndGlobalSection
	GlobalSection(ExtensibilityGlobals) = postSolution
		SolutionGuid = {A39BFE68-F20D-4C0F-8BE0-5FE4608ADA31}
	EndGlobalSection
EndGlobal
